
Microsoft Visual Studio Solution File, Format Version 12.00
# Visual Studio Version 16
VisualStudioVersion = 16.0.31424.327
MinimumVisualStudioVersion = 10.0.40219.1
Project("{FAE04EC0-301F-11D3-BF4B-00C04F79EFBC}") = "MacroBot_v0.1", "MacroBot_v0.1.csproj", "{79855880-4538-4C22-B3F0-75351D7181C1}"
EndProject
Global
	GlobalSection(SolutionConfigurationPlatforms) = preSolution
		Debug|Any CPU = Debug|Any CPU
		Release|Any CPU = Release|Any CPU
	EndGlobalSection
	GlobalSection(ProjectConfigurationPlatforms) = postSolution
		{79855880-4538-4C22-B3F0-75351D7181C1}.Debug|Any CPU.ActiveCfg = Debug|Any CPU
		{79855880-4538-4C22-B3F0-75351D7181C1}.Debug|Any CPU.Build.0 = Debug|Any CPU
		{79855880-4538-4C22-B3F0-75351D7181C1}.Release|Any CPU.ActiveCfg = Release|Any CPU
		{79855880-4538-4C22-B3F0-75351D7181C1}.Release|Any CPU.Build.0 = Release|Any CPU
	EndGlobalSection
	GlobalSection(SolutionProperties) = preSolution
		HideSolutionNode = FALSE
	EndGlobalSection
	GlobalSection(ExtensibilityGlobals) = postSolution
		SolutionGuid = {B07DE0DF-2E1F-4C76-BA71-A8D3608043A7}
	EndGlobalSection
EndGlobal
